
Microsoft Visual Studio Solution File, Format Version 12.00
# Visual Studio Version 16
VisualStudioVersion = 16.0.31702.278
MinimumVisualStudioVersion = 10.0.40219.1
Project("{FAE04EC0-301F-11D3-BF4B-00C04F79EFBC}") = "HelloWorld", "HelloWorld\HelloWorld.csproj", "{AEBE2B14-BB74-4164-91E7-78F24271F2DF}"
EndProject
Global
	GlobalSection(SolutionConfigurationPlatforms) = preSolution
		Debug|Any CPU = Debug|Any CPU
		Release|Any CPU = Release|Any CPU
	EndGlobalSection
	GlobalSection(ProjectConfigurationPlatforms) = postSolution
		{AEBE2B14-BB74-4164-91E7-78F24271F2DF}.Debug|Any CPU.ActiveCfg = Debug|Any CPU
		{AEBE2B14-BB74-4164-91E7-78F24271F2DF}.Debug|Any CPU.Build.0 = Debug|Any CPU
		{AEBE2B14-BB74-4164-91E7-78F24271F2DF}.Release|Any CPU.ActiveCfg = Release|Any CPU
		{AEBE2B14-BB74-4164-91E7-78F24271F2DF}.Release|Any CPU.Build.0 = Release|Any CPU
	EndGlobalSection
	GlobalSection(SolutionProperties) = preSolution
		HideSolutionNode = FALSE
	EndGlobalSection
	GlobalSection(ExtensibilityGlobals) = postSolution
		SolutionGuid = {1A742B46-165A-416B-BF8B-005AB70CE97F}
	EndGlobalSection
EndGlobal
